
Microsoft Visual Studio Solution File, Format Version 12.00
# Visual Studio Version 17
VisualStudioVersion = 17.10.34814.14
MinimumVisualStudioVersion = 10.0.40219.1
Project("{FAE04EC0-301F-11D3-BF4B-00C04F79EFBC}") = "ExampleWork", "ExampleWork.csproj", "{B5DF88FB-B587-4A1D-A073-627025A03D63}"
	ProjectSection(ProjectDependencies) = postProject
		{099071AD-427B-4551-9924-56941FEC65EA} = {099071AD-427B-4551-9924-56941FEC65EA}
	EndProjectSection
EndProject
Project("{FAE04EC0-301F-11D3-BF4B-00C04F79EFBC}") = "SquareLib", "..\SquareLib\SquareLib.csproj", "{099071AD-427B-4551-9924-56941FEC65EA}"
EndProject
Project("{FAE04EC0-301F-11D3-BF4B-00C04F79EFBC}") = "SquareLib.Tests", "..\SquareLibTests\SquareLib.Tests.csproj", "{6A236947-8DFC-4109-A3D2-B9FEBD1D016A}"
EndProject
Global
	GlobalSection(SolutionConfigurationPlatforms) = preSolution
		Debug|Any CPU = Debug|Any CPU
		Release|Any CPU = Release|Any CPU
	EndGlobalSection
	GlobalSection(ProjectConfigurationPlatforms) = postSolution
		{B5DF88FB-B587-4A1D-A073-627025A03D63}.Debug|Any CPU.ActiveCfg = Debug|Any CPU
		{B5DF88FB-B587-4A1D-A073-627025A03D63}.Debug|Any CPU.Build.0 = Debug|Any CPU
		{B5DF88FB-B587-4A1D-A073-627025A03D63}.Release|Any CPU.ActiveCfg = Release|Any CPU
		{B5DF88FB-B587-4A1D-A073-627025A03D63}.Release|Any CPU.Build.0 = Release|Any CPU
		{099071AD-427B-4551-9924-56941FEC65EA}.Debug|Any CPU.ActiveCfg = Debug|Any CPU
		{099071AD-427B-4551-9924-56941FEC65EA}.Debug|Any CPU.Build.0 = Debug|Any CPU
		{099071AD-427B-4551-9924-56941FEC65EA}.Release|Any CPU.ActiveCfg = Release|Any CPU
		{099071AD-427B-4551-9924-56941FEC65EA}.Release|Any CPU.Build.0 = Release|Any CPU
		{6A236947-8DFC-4109-A3D2-B9FEBD1D016A}.Debug|Any CPU.ActiveCfg = Debug|Any CPU
		{6A236947-8DFC-4109-A3D2-B9FEBD1D016A}.Debug|Any CPU.Build.0 = Debug|Any CPU
		{6A236947-8DFC-4109-A3D2-B9FEBD1D016A}.Release|Any CPU.ActiveCfg = Release|Any CPU
		{6A236947-8DFC-4109-A3D2-B9FEBD1D016A}.Release|Any CPU.Build.0 = Release|Any CPU
	EndGlobalSection
	GlobalSection(SolutionProperties) = preSolution
		HideSolutionNode = FALSE
	EndGlobalSection
	GlobalSection(ExtensibilityGlobals) = postSolution
		SolutionGuid = {71A3A1AE-4DA7-4A07-AA63-F3216E2756B2}
	EndGlobalSection
EndGlobal
